{
  "name": "cmb-caller-frontend-node",
  "version": "1.0.0",
  "lockfileVersion": 3,
  "requires": true,
  "packages": {
    "": {
      "name": "cmb-caller-frontend-node",
      "version": "1.0.0",
      "license": "ISC",
      "dependencies": {
        "total5": "^0.0.15",
        "ws": "^8.20.0"
      }
    },
    "node_modules/total5": {
      "version": "0.0.15",
      "resolved": "https://registry.npmjs.org/total5/-/total5-0.0.15.tgz",
      "integrity": "sha512-sCBMmjQm7t++VI80sZw4ZS5MJZkBs8BN+iDciRZZ7omxWmiezaxiUBVOwF3JiIpPFgoYst87j+F3wkXGHPpWbw==",
      "license": "MIT",
      "bin": {
        "flow5": "bin/flow5",
        "total5": "bin/total5"
      }
    },
    "node_modules/ws": {
      "version": "8.20.0",
      "resolved": "https://registry.npmjs.org/ws/-/ws-8.20.0.tgz",
      "integrity": "sha512-sAt8BhgNbzCtgGbt2OxmpuryO63ZoDk/sqaB/znQm94T4fCEsy/yV+7CdC1kJhOU9lboAEU7R3kquuycDoibVA==",
      "license": "MIT",
      "engines": {
        "node": ">=10.0.0"
      },
      "peerDependencies": {
        "bufferutil": "^4.0.1",
        "utf-8-validate": ">=5.0.2"
      },
      "peerDependenciesMeta": {
        "bufferutil": {
          "optional": true
        },
        "utf-8-validate": {
          "optional": true
        }
      }
    }
  }
}
